
Microsoft Visual Studio Solution File, Format Version 12.00
# Visual Studio 2012
Project("{FAE04EC0-301F-11D3-BF4B-00C04F79EFBC}") = "Bubblesort.Comunicacao.Pdv", "Bubblesort.Comunicacao.Pdv.csproj", "{DFA6AD4F-D4ED-4772-A144-4B30F21C9342}"
EndProject
Global
	GlobalSection(SolutionConfigurationPlatforms) = preSolution
		Debug|Any CPU = Debug|Any CPU
		Release|Any CPU = Release|Any CPU
	EndGlobalSection
	GlobalSection(ProjectConfigurationPlatforms) = postSolution
		{DFA6AD4F-D4ED-4772-A144-4B30F21C9342}.Debug|Any CPU.ActiveCfg = Debug|Any CPU
		{DFA6AD4F-D4ED-4772-A144-4B30F21C9342}.Debug|Any CPU.Build.0 = Debug|Any CPU
		{DFA6AD4F-D4ED-4772-A144-4B30F21C9342}.Release|Any CPU.ActiveCfg = Release|Any CPU
		{DFA6AD4F-D4ED-4772-A144-4B30F21C9342}.Release|Any CPU.Build.0 = Release|Any CPU
	EndGlobalSection
	GlobalSection(SolutionProperties) = preSolution
		HideSolutionNode = FALSE
	EndGlobalSection
EndGlobal
